// !$*UTF8*$!
{
	archiveVersion = 1;
	classes = {
	};
	objectVersion = 55;
	objects = {

/* Begin PBXBuildFile section */
		CA4F509826D437D900D81621 /* LiftsApp.swift in Sources */ = {isa = PBXBuildFile; fileRef = CA4F509726D437D900D81621 /* LiftsApp.swift */; };
		CA4F509A26D437D900D81621 /* ContentView.swift in Sources */ = {isa = PBXBuildFile; fileRef = CA4F509926D437D900D81621 /* ContentView.swift */; };
		CA4F509C26D437DB00D81621 /* Assets.xcassets in Resources */ = {isa = PBXBuildFile; fileRef = CA4F509B26D437DB00D81621 /* Assets.xcassets */; };
		CA4F509F26D437DB00D81621 /* Preview Assets.xcassets in Resources */ = {isa = PBXBuildFile; fileRef = CA4F509E26D437DB00D81621 /* Preview Assets.xcassets */; };
		CA4F50A126D437DB00D81621 /* Persistence.swift in Sources */ = {isa = PBXBuildFile; fileRef = CA4F50A026D437DB00D81621 /* Persistence.swift */; };
		CA4F50A426D437DB00D81621 /* Lifts.xcdatamodeld in Sources */ = {isa = PBXBuildFile; fileRef = CA4F50A226D437DB00D81621 /* Lifts.xcdatamodeld */; };
		CA4F50AB26D44A5E00D81621 /* Entry.swift in Sources */ = {isa = PBXBuildFile; fileRef = CA4F50AA26D44A5E00D81621 /* Entry.swift */; };
		CA4F50AD26D44BC300D81621 /* Double.swift in Sources */ = {isa = PBXBuildFile; fileRef = CA4F50AC26D44BC300D81621 /* Double.swift */; };
		CA4F50B126D44C5C00D81621 /* EntryRow.swift in Sources */ = {isa = PBXBuildFile; fileRef = CA4F50B026D44C5C00D81621 /* EntryRow.swift */; };
		CA4F50B326D44E7200D81621 /* DataHelper.swift in Sources */ = {isa = PBXBuildFile; fileRef = CA4F50B226D44E7200D81621 /* DataHelper.swift */; };
		CA4F50B526D4568200D81621 /* ExercisesView.swift in Sources */ = {isa = PBXBuildFile; fileRef = CA4F50B426D4568200D81621 /* ExercisesView.swift */; };
		CA4F50B726D47BCF00D81621 /* AddSetsView.swift in Sources */ = {isa = PBXBuildFile; fileRef = CA4F50B626D47BCF00D81621 /* AddSetsView.swift */; };
		CA4F50B926DC4A8800D81621 /* FilteredExerciseList.swift in Sources */ = {isa = PBXBuildFile; fileRef = CA4F50B826DC4A8700D81621 /* FilteredExerciseList.swift */; };
		CA4F50BB26DC4E1700D81621 /* AllExercisesList.swift in Sources */ = {isa = PBXBuildFile; fileRef = CA4F50BA26DC4E1700D81621 /* AllExercisesList.swift */; };
/* End PBXBuildFile section */

/* Begin PBXFileReference section */
		CA4F509426D437D900D81621 /* Lifts.app */ = {isa = PBXFileReference; explicitFileType = wrapper.application; includeInIndex = 0; path = Lifts.app; sourceTree = BUILT_PRODUCTS_DIR; };
		CA4F509726D437D900D81621 /* LiftsApp.swift */ = {isa = PBXFileReference; lastKnownFileType = sourcecode.swift; path = LiftsApp.swift; sourceTree = "<group>"; };
		CA4F509926D437D900D81621 /* ContentView.swift */ = {isa = PBXFileReference; lastKnownFileType = sourcecode.swift; path = ContentView.swift; sourceTree = "<group>"; };
		CA4F509B26D437DB00D81621 /* Assets.xcassets */ = {isa = PBXFileReference; lastKnownFileType = folder.assetcatalog; path = Assets.xcassets; sourceTree = "<group>"; };
		CA4F509E26D437DB00D81621 /* Preview Assets.xcassets */ = {isa = PBXFileReference; lastKnownFileType = folder.assetcatalog; path = "Preview Assets.xcassets"; sourceTree = "<group>"; };
		CA4F50A026D437DB00D81621 /* Persistence.swift */ = {isa = PBXFileReference; lastKnownFileType = sourcecode.swift; path = Persistence.swift; sourceTree = "<group>"; };
		CA4F50A326D437DB00D81621 /* Lifts.xcdatamodel */ = {isa = PBXFileReference; lastKnownFileType = wrapper.xcdatamodel; path = Lifts.xcdatamodel; sourceTree = "<group>"; };
		CA4F50AA26D44A5E00D81621 /* Entry.swift */ = {isa = PBXFileReference; lastKnownFileType = sourcecode.swift; path = Entry.swift; sourceTree = "<group>"; };
		CA4F50AC26D44BC300D81621 /* Double.swift */ = {isa = PBXFileReference; lastKnownFileType = sourcecode.swift; path = Double.swift; sourceTree = "<group>"; };
		CA4F50B026D44C5C00D81621 /* EntryRow.swift */ = {isa = PBXFileReference; lastKnownFileType = sourcecode.swift; path = EntryRow.swift; sourceTree = "<group>"; };
		CA4F50B226D44E7200D81621 /* DataHelper.swift */ = {isa = PBXFileReference; lastKnownFileType = sourcecode.swift; path = DataHelper.swift; sourceTree = "<group>"; };
		CA4F50B426D4568200D81621 /* ExercisesView.swift */ = {isa = PBXFileReference; lastKnownFileType = sourcecode.swift; path = ExercisesView.swift; sourceTree = "<group>"; };
		CA4F50B626D47BCF00D81621 /* AddSetsView.swift */ = {isa = PBXFileReference; lastKnownFileType = sourcecode.swift; path = AddSetsView.swift; sourceTree = "<group>"; };
		CA4F50B826DC4A8700D81621 /* FilteredExerciseList.swift */ = {isa = PBXFileReference; lastKnownFileType = sourcecode.swift; path = FilteredExerciseList.swift; sourceTree = "<group>"; };
		CA4F50BA26DC4E1700D81621 /* AllExercisesList.swift */ = {isa = PBXFileReference; lastKnownFileType = sourcecode.swift; path = AllExercisesList.swift; sourceTree = "<group>"; };
/* End PBXFileReference section */

/* Begin PBXFrameworksBuildPhase section */
		CA4F509126D437D900D81621 /* Frameworks */ = {
			isa = PBXFrameworksBuildPhase;
			buildActionMask = 2147483647;
			files = (
			);
			runOnlyForDeploymentPostprocessing = 0;
		};
/* End PBXFrameworksBuildPhase section */

/* Begin PBXGroup section */
		CA4F508B26D437D900D81621 = {
			isa = PBXGroup;
			children = (
				CA4F509626D437D900D81621 /* Lifts */,
				CA4F509526D437D900D81621 /* Products */,
			);
			sourceTree = "<group>";
		};
		CA4F509526D437D900D81621 /* Products */ = {
			isa = PBXGroup;
			children = (
				CA4F509426D437D900D81621 /* Lifts.app */,
			);
			name = Products;
			sourceTree = "<group>";
		};
		CA4F509626D437D900D81621 /* Lifts */ = {
			isa = PBXGroup;
			children = (
				CA4F50B226D44E7200D81621 /* DataHelper.swift */,
				CA4F50B026D44C5C00D81621 /* EntryRow.swift */,
				CA4F509726D437D900D81621 /* LiftsApp.swift */,
				CA4F509926D437D900D81621 /* ContentView.swift */,
				CA4F50B426D4568200D81621 /* ExercisesView.swift */,
				CA4F50BA26DC4E1700D81621 /* AllExercisesList.swift */,
				CA4F50B826DC4A8700D81621 /* FilteredExerciseList.swift */,
				CA4F50B626D47BCF00D81621 /* AddSetsView.swift */,
				CA4F509B26D437DB00D81621 /* Assets.xcassets */,
				CA4F50A026D437DB00D81621 /* Persistence.swift */,
				CA4F50A226D437DB00D81621 /* Lifts.xcdatamodeld */,
				CA4F509D26D437DB00D81621 /* Preview Content */,
				CA4F50AF26D44BEA00D81621 /* Extensions */,
				CA4F50AE26D44BDF00D81621 /* Models */,
			);
			path = Lifts;
			sourceTree = "<group>";
		};
		CA4F509D26D437DB00D81621 /* Preview Content */ = {
			isa = PBXGroup;
			children = (
				CA4F509E26D437DB00D81621 /* Preview Assets.xcassets */,
			);
			path = "Preview Content";
			sourceTree = "<group>";
		};
		CA4F50AE26D44BDF00D81621 /* Models */ = {
			isa = PBXGroup;
			children = (
				CA4F50AA26D44A5E00D81621 /* Entry.swift */,
			);
			path = Models;
			sourceTree = "<group>";
		};
		CA4F50AF26D44BEA00D81621 /* Extensions */ = {
			isa = PBXGroup;
			children = (
				CA4F50AC26D44BC300D81621 /* Double.swift */,
			);
			path = Extensions;
			sourceTree = "<group>";
		};
/* End PBXGroup section */

/* Begin PBXNativeTarget section */
		CA4F509326D437D900D81621 /* Lifts */ = {
			isa = PBXNativeTarget;
			buildConfigurationList = CA4F50A726D437DB00D81621 /* Build configuration list for PBXNativeTarget "Lifts" */;
			buildPhases = (
				CA4F509026D437D900D81621 /* Sources */,
				CA4F509126D437D900D81621 /* Frameworks */,
				CA4F509226D437D900D81621 /* Resources */,
			);
			buildRules = (
			);
			dependencies = (
			);
			name = Lifts;
			productName = Lifts;
			productReference = CA4F509426D437D900D81621 /* Lifts.app */;
			productType = "com.apple.product-type.application";
		};
/* End PBXNativeTarget section */

/* Begin PBXProject section */
		CA4F508C26D437D900D81621 /* Project object */ = {
			isa = PBXProject;
			attributes = {
				BuildIndependentTargetsInParallel = 1;
				LastSwiftUpdateCheck = 1300;
				LastUpgradeCheck = 1300;
				TargetAttributes = {
					CA4F509326D437D900D81621 = {
						CreatedOnToolsVersion = 13.0;
					};
				};
			};
			buildConfigurationList = CA4F508F26D437D900D81621 /* Build configuration list for PBXProject "Lifts" */;
			compatibilityVersion = "Xcode 13.0";
			developmentRegion = en;
			hasScannedForEncodings = 0;
			knownRegions = (
				en,
				Base,
			);
			mainGroup = CA4F508B26D437D900D81621;
			productRefGroup = CA4F509526D437D900D81621 /* Products */;
			projectDirPath = "";
			projectRoot = "";
			targets = (
				CA4F509326D437D900D81621 /* Lifts */,
			);
		};
/* End PBXProject section */

/* Begin PBXResourcesBuildPhase section */
		CA4F509226D437D900D81621 /* Resources */ = {
			isa = PBXResourcesBuildPhase;
			buildActionMask = 2147483647;
			files = (
				CA4F509F26D437DB00D81621 /* Preview Assets.xcassets in Resources */,
				CA4F509C26D437DB00D81621 /* Assets.xcassets in Resources */,
			);
			runOnlyForDeploymentPostprocessing = 0;
		};
/* End PBXResourcesBuildPhase section */

/* Begin PBXSourcesBuildPhase section */
		CA4F509026D437D900D81621 /* Sources */ = {
			isa = PBXSourcesBuildPhase;
			buildActionMask = 2147483647;
			files = (
				CA4F50B526D4568200D81621 /* ExercisesView.swift in Sources */,
				CA4F50AB26D44A5E00D81621 /* Entry.swift in Sources */,
				CA4F50A426D437DB00D81621 /* Lifts.xcdatamodeld in Sources */,
				CA4F50B126D44C5C00D81621 /* EntryRow.swift in Sources */,
				CA4F50A126D437DB00D81621 /* Persistence.swift in Sources */,
				CA4F50B726D47BCF00D81621 /* AddSetsView.swift in Sources */,
				CA4F509A26D437D900D81621 /* ContentView.swift in Sources */,
				CA4F50B326D44E7200D81621 /* DataHelper.swift in Sources */,
				CA4F50B926DC4A8800D81621 /* FilteredExerciseList.swift in Sources */,
				CA4F50BB26DC4E1700D81621 /* AllExercisesList.swift in Sources */,
				CA4F50AD26D44BC300D81621 /* Double.swift in Sources */,
				CA4F509826D437D900D81621 /* LiftsApp.swift in Sources */,
			);
			runOnlyForDeploymentPostprocessing = 0;
		};
/* End PBXSourcesBuildPhase section */

/* Begin XCBuildConfiguration section */
		CA4F50A526D437DB00D81621 /* Debug */ = {
			isa = XCBuildConfiguration;
			buildSettings = {
				ALWAYS_SEARCH_USER_PATHS = NO;
				CLANG_ANALYZER_NONNULL = YES;
				CLANG_ANALYZER_NUMBER_OBJECT_CONVERSION = YES_AGGRESSIVE;
				CLANG_CXX_LANGUAGE_STANDARD = "gnu++17";
				CLANG_CXX_LIBRARY = "libc++";
				CLANG_ENABLE_MODULES = YES;
				CLANG_ENABLE_OBJC_ARC = YES;
				CLANG_ENABLE_OBJC_WEAK = YES;
				CLANG_WARN_BLOCK_CAPTURE_AUTORELEASING = YES;
				CLANG_WARN_BOOL_CONVERSION = YES;
				CLANG_WARN_COMMA = YES;
				CLANG_WARN_CONSTANT_CONVERSION = YES;
				CLANG_WARN_DEPRECATED_OBJC_IMPLEMENTATIONS = YES;
				CLANG_WARN_DIRECT_OBJC_ISA_USAGE = YES_ERROR;
				CLANG_WARN_DOCUMENTATION_COMMENTS = YES;
				CLANG_WARN_EMPTY_BODY = YES;
				CLANG_WARN_ENUM_CONVERSION = YES;
				CLANG_WARN_INFINITE_RECURSION = YES;
				CLANG_WARN_INT_CONVERSION = YES;
				CLANG_WARN_NON_LITERAL_NULL_CONVERSION = YES;
				CLANG_WARN_OBJC_IMPLICIT_RETAIN_SELF = YES;
				CLANG_WARN_OBJC_LITERAL_CONVERSION = YES;
				CLANG_WARN_OBJC_ROOT_CLASS = YES_ERROR;
				CLANG_WARN_QUOTED_INCLUDE_IN_FRAMEWORK_HEADER = YES;
				CLANG_WARN_RANGE_LOOP_ANALYSIS = YES;
				CLANG_WARN_STRICT_PROTOTYPES = YES;
				CLANG_WARN_SUSPICIOUS_MOVE = YES;
				CLANG_WARN_UNGUARDED_AVAILABILITY = YES_AGGRESSIVE;
				CLANG_WARN_UNREACHABLE_CODE = YES;
				CLANG_WARN__DUPLICATE_METHOD_MATCH = YES;
				COPY_PHASE_STRIP = NO;
				DEBUG_INFORMATION_FORMAT = dwarf;
				ENABLE_STRICT_OBJC_MSGSEND = YES;
				ENABLE_TESTABILITY = YES;
				GCC_C_LANGUAGE_STANDARD = gnu11;
				GCC_DYNAMIC_NO_PIC = NO;
				GCC_NO_COMMON_BLOCKS = YES;
				GCC_OPTIMIZATION_LEVEL = 0;
				GCC_PREPROCESSOR_DEFINITIONS = (
					"DEBUG=1",
					"$(inherited)",
				);
				GCC_WARN_64_TO_32_BIT_CONVERSION = YES;
				GCC_WARN_ABOUT_RETURN_TYPE = YES_ERROR;
				GCC_WARN_UNDECLARED_SELECTOR = YES;
				GCC_WARN_UNINITIALIZED_AUTOS = YES_AGGRESSIVE;
				GCC_WARN_UNUSED_FUNCTION = YES;
				GCC_WARN_UNUSED_VARIABLE = YES;
				IPHONEOS_DEPLOYMENT_TARGET = 15.0;
				MTL_ENABLE_DEBUG_INFO = INCLUDE_SOURCE;
				MTL_FAST_MATH = YES;
				ONLY_ACTIVE_ARCH = YES;
				SDKROOT = iphoneos;
				SWIFT_ACTIVE_COMPILATION_CONDITIONS = DEBUG;
				SWIFT_OPTIMIZATION_LEVEL = "-Onone";
			};
			name = Debug;
		};
		CA4F50A626D437DB00D81621 /* Release */ = {
			isa = XCBuildConfiguration;
			buildSettings = {
				ALWAYS_SEARCH_USER_PATHS = NO;
				CLANG_ANALYZER_NONNULL = YES;
				CLANG_ANALYZER_NUMBER_OBJECT_CONVERSION = YES_AGGRESSIVE;
				CLANG_CXX_LANGUAGE_STANDARD = "gnu++17";
				CLANG_CXX_LIBRARY = "libc++";
				CLANG_ENABLE_MODULES = YES;
				CLANG_ENABLE_OBJC_ARC = YES;
				CLANG_ENABLE_OBJC_WEAK = YES;
				CLANG_WARN_BLOCK_CAPTURE_AUTORELEASING = YES;
				CLANG_WARN_BOOL_CONVERSION = YES;
				CLANG_WARN_COMMA = YES;
				CLANG_WARN_CONSTANT_CONVERSION = YES;
				CLANG_WARN_DEPRECATED_OBJC_IMPLEMENTATIONS = YES;
				CLANG_WARN_DIRECT_OBJC_ISA_USAGE = YES_ERROR;
				CLANG_WARN_DOCUMENTATION_COMMENTS = YES;
				CLANG_WARN_EMPTY_BODY = YES;
				CLANG_WARN_ENUM_CONVERSION = YES;
				CLANG_WARN_INFINITE_RECURSION = YES;
				CLANG_WARN_INT_CONVERSION = YES;
				CLANG_WARN_NON_LITERAL_NULL_CONVERSION = YES;
				CLANG_WARN_OBJC_IMPLICIT_RETAIN_SELF = YES;
				CLANG_WARN_OBJC_LITERAL_CONVERSION = YES;
				CLANG_WARN_OBJC_ROOT_CLASS = YES_ERROR;
				CLANG_WARN_QUOTED_INCLUDE_IN_FRAMEWORK_HEADER = YES;
				CLANG_WARN_RANGE_LOOP_ANALYSIS = YES;
				CLANG_WARN_STRICT_PROTOTYPES = YES;
				CLANG_WARN_SUSPICIOUS_MOVE = YES;
				CLANG_WARN_UNGUARDED_AVAILABILITY = YES_AGGRESSIVE;
				CLANG_WARN_UNREACHABLE_CODE = YES;
				CLANG_WARN__DUPLICATE_METHOD_MATCH = YES;
				COPY_PHASE_STRIP = NO;
				DEBUG_INFORMATION_FORMAT = "dwarf-with-dsym";
				ENABLE_NS_ASSERTIONS = NO;
				ENABLE_STRICT_OBJC_MSGSEND = YES;
				GCC_C_LANGUAGE_STANDARD = gnu11;
				GCC_NO_COMMON_BLOCKS = YES;
				GCC_WARN_64_TO_32_BIT_CONVERSION = YES;
				GCC_WARN_ABOUT_RETURN_TYPE = YES_ERROR;
				GCC_WARN_UNDECLARED_SELECTOR = YES;
				GCC_WARN_UNINITIALIZED_AUTOS = YES_AGGRESSIVE;
				GCC_WARN_UNUSED_FUNCTION = YES;
				GCC_WARN_UNUSED_VARIABLE = YES;
				IPHONEOS_DEPLOYMENT_TARGET = 15.0;
				MTL_ENABLE_DEBUG_INFO = NO;
				MTL_FAST_MATH = YES;
				SDKROOT = iphoneos;
				SWIFT_COMPILATION_MODE = wholemodule;
				SWIFT_OPTIMIZATION_LEVEL = "-O";
				VALIDATE_PRODUCT = YES;
			};
			name = Release;
		};
		CA4F50A826D437DB00D81621 /* Debug */ = {
			isa = XCBuildConfiguration;
			buildSettings = {
				ASSETCATALOG_COMPILER_APPICON_NAME = AppIcon;
				ASSETCATALOG_COMPILER_GLOBAL_ACCENT_COLOR_NAME = AccentColor;
				CODE_SIGN_STYLE = Automatic;
				CURRENT_PROJECT_VERSION = 1;
				DEVELOPMENT_ASSET_PATHS = "\"Lifts/Preview Content\"";
				DEVELOPMENT_TEAM = SBJJY8AJJ3;
				ENABLE_PREVIEWS = YES;
				GENERATE_INFOPLIST_FILE = YES;
				INFOPLIST_KEY_UIApplicationSceneManifest_Generation = YES;
				INFOPLIST_KEY_UIApplicationSupportsIndirectInputEvents = YES;
				INFOPLIST_KEY_UILaunchScreen_Generation = YES;
				INFOPLIST_KEY_UISupportedInterfaceOrientations_iPad = "UIInterfaceOrientationPortrait UIInterfaceOrientationPortraitUpsideDown UIInterfaceOrientationLandscapeLeft UIInterfaceOrientationLandscapeRight";
				INFOPLIST_KEY_UISupportedInterfaceOrientations_iPhone = "UIInterfaceOrientationPortrait UIInterfaceOrientationLandscapeLeft UIInterfaceOrientationLandscapeRight";
				IPHONEOS_DEPLOYMENT_TARGET = 15.0;
				LD_RUNPATH_SEARCH_PATHS = (
					"$(inherited)",
					"@executable_path/Frameworks",
				);
				MARKETING_VERSION = 1.0;
				PRODUCT_BUNDLE_IDENTIFIER = me.benashman.Lifts;
				PRODUCT_NAME = "$(TARGET_NAME)";
				SWIFT_EMIT_LOC_STRINGS = YES;
				SWIFT_VERSION = 5.0;
				TARGETED_DEVICE_FAMILY = "1,2";
			};
			name = Debug;
		};
		CA4F50A926D437DB00D81621 /* Release */ = {
			isa = XCBuildConfiguration;
			buildSettings = {
				ASSETCATALOG_COMPILER_APPICON_NAME = AppIcon;
				ASSETCATALOG_COMPILER_GLOBAL_ACCENT_COLOR_NAME = AccentColor;
				CODE_SIGN_STYLE = Automatic;
				CURRENT_PROJECT_VERSION = 1;
				DEVELOPMENT_ASSET_PATHS = "\"Lifts/Preview Content\"";
				DEVELOPMENT_TEAM = SBJJY8AJJ3;
				ENABLE_PREVIEWS = YES;
				GENERATE_INFOPLIST_FILE = YES;
				INFOPLIST_KEY_UIApplicationSceneManifest_Generation = YES;
				INFOPLIST_KEY_UIApplicationSupportsIndirectInputEvents = YES;
				INFOPLIST_KEY_UILaunchScreen_Generation = YES;
				INFOPLIST_KEY_UISupportedInterfaceOrientations_iPad = "UIInterfaceOrientationPortrait UIInterfaceOrientationPortraitUpsideDown UIInterfaceOrientationLandscapeLeft UIInterfaceOrientationLandscapeRight";
				INFOPLIST_KEY_UISupportedInterfaceOrientations_iPhone = "UIInterfaceOrientationPortrait UIInterfaceOrientationLandscapeLeft UIInterfaceOrientationLandscapeRight";
				IPHONEOS_DEPLOYMENT_TARGET = 15.0;
				LD_RUNPATH_SEARCH_PATHS = (
					"$(inherited)",
					"@executable_path/Frameworks",
				);
				MARKETING_VERSION = 1.0;
				PRODUCT_BUNDLE_IDENTIFIER = me.benashman.Lifts;
				PRODUCT_NAME = "$(TARGET_NAME)";
				SWIFT_EMIT_LOC_STRINGS = YES;
				SWIFT_VERSION = 5.0;
				TARGETED_DEVICE_FAMILY = "1,2";
			};
			name = Release;
		};
/* End XCBuildConfiguration section */

/* Begin XCConfigurationList section */
		CA4F508F26D437D900D81621 /* Build configuration list for PBXProject "Lifts" */ = {
			isa = XCConfigurationList;
			buildConfigurations = (
				CA4F50A526D437DB00D81621 /* Debug */,
				CA4F50A626D437DB00D81621 /* Release */,
			);
			defaultConfigurationIsVisible = 0;
			defaultConfigurationName = Release;
		};
		CA4F50A726D437DB00D81621 /* Build configuration list for PBXNativeTarget "Lifts" */ = {
			isa = XCConfigurationList;
			buildConfigurations = (
				CA4F50A826D437DB00D81621 /* Debug */,
				CA4F50A926D437DB00D81621 /* Release */,
			);
			defaultConfigurationIsVisible = 0;
			defaultConfigurationName = Release;
		};
/* End XCConfigurationList section */

/* Begin XCVersionGroup section */
		CA4F50A226D437DB00D81621 /* Lifts.xcdatamodeld */ = {
			isa = XCVersionGroup;
			children = (
				CA4F50A326D437DB00D81621 /* Lifts.xcdatamodel */,
			);
			currentVersion = CA4F50A326D437DB00D81621 /* Lifts.xcdatamodel */;
			path = Lifts.xcdatamodeld;
			sourceTree = "<group>";
			versionGroupType = wrapper.xcdatamodel;
		};
/* End XCVersionGroup section */
	};
	rootObject = CA4F508C26D437D900D81621 /* Project object */;
}
